
Microsoft Visual Studio Solution File, Format Version 12.00
# Visual Studio 16
Project("{2150E333-8FDC-42A3-9474-1A3956D46DE8}") = "Dependencies", "Dependencies", "{53E47842-3FC8-3998-A828-34EB942B241A}"
EndProject
Project("{8BC9CEB8-8B4A-11D0-8D11-00A0C91BC942}") = "GLFW", "dependencies\glfw3\GLFW.vcxproj", "{154B857C-0182-860D-AA6E-6C109684020F}"
EndProject
Project("{8BC9CEB8-8B4A-11D0-8D11-00A0C91BC942}") = "Glad", "dependencies\glad\Glad.vcxproj", "{BDD6857C-A90D-870D-52FA-6C103E10030F}"
EndProject
Project("{8BC9CEB8-8B4A-11D0-8D11-00A0C91BC942}") = "ImGui", "dependencies\imgui\ImGui.vcxproj", "{C0FF640D-2C14-8DBE-F595-301E616989EF}"
EndProject
Project("{8BC9CEB8-8B4A-11D0-8D11-00A0C91BC942}") = "Stbs", "dependencies\stbs\Stbs.vcxproj", "{818D8C7C-6DC4-8D0D-16B1-731002C7090F}"
EndProject
Project("{8BC9CEB8-8B4A-11D0-8D11-00A0C91BC942}") = "TinyGLTF", "dependencies\tinyGLTF\TinyGLTF.vcxproj", "{76563D9D-6223-98A8-8B3C-86507768CD36}"
EndProject
Project("{8BC9CEB8-8B4A-11D0-8D11-00A0C91BC942}") = "spdlog", "dependencies\spdlog\spdlog.vcxproj", "{8EAD431C-7A4F-6EF2-630A-82464F4BF542}"
EndProject
Project("{2150E333-8FDC-42A3-9474-1A3956D46DE8}") = "Modules", "Modules", "{65CB7E83-D18B-FAB9-9AC6-433706463F96}"
EndProject
Project("{8BC9CEB8-8B4A-11D0-8D11-00A0C91BC942}") = "BaseApplicationModule", "modules\BaseApplicationModule\BaseApplicationModule.vcxproj", "{9A643DEF-06D1-F8E9-CFC4-90473BF01A52}"
EndProject
Project("{8BC9CEB8-8B4A-11D0-8D11-00A0C91BC942}") = "FMODStudio", "modules\FMODStudio\FMODStudio.vcxproj", "{A386D97E-8F3E-1BCC-F845-F427E41CB6BC}"
EndProject
Project("{8BC9CEB8-8B4A-11D0-8D11-00A0C91BC942}") = "GraphicsModule", "modules\GraphicsModule\GraphicsModule.vcxproj", "{DC7930D1-C847-24D7-B1DB-94FD9D48003C}"
EndProject
Project("{8BC9CEB8-8B4A-11D0-8D11-00A0C91BC942}") = "NOU", "modules\NOU\NOU.vcxproj", "{3709880B-A312-887C-2C8E-9E7C9896937C}"
EndProject
Project("{8BC9CEB8-8B4A-11D0-8D11-00A0C91BC942}") = "sampleModule", "modules\sampleModule\sampleModule.vcxproj", "{8D153653-7978-C5F7-22FE-FDAD0E40917A}"
EndProject
Project("{8BC9CEB8-8B4A-11D0-8D11-00A0C91BC942}") = "toolkit", "modules\toolkit\toolkit.vcxproj", "{AB7025F0-1750-A48B-2068-2F628CC60AED}"
EndProject
Project("{2150E333-8FDC-42A3-9474-1A3956D46DE8}") = "Samples - INFR-1350U", "Samples - INFR-1350U", "{0822A731-F431-5302-5DEB-B720491A429B}"
EndProject
Project("{8BC9CEB8-8B4A-11D0-8D11-00A0C91BC942}") = "Week10-Starter", "samples\INFR-1350U\Week10-Starter\Week10-Starter.vcxproj", "{642E3DBD-50FC-30C3-3990-A1E925FD0C28}"
EndProject
Project("{8BC9CEB8-8B4A-11D0-8D11-00A0C91BC942}") = "Week11-Starter", "samples\INFR-1350U\Week11-Starter\Week11-Starter.vcxproj", "{659FB931-516D-AD37-3A01-1E5E266E899C}"
EndProject
Project("{8BC9CEB8-8B4A-11D0-8D11-00A0C91BC942}") = "Week3-Starter", "samples\INFR-1350U\Week3-Starter\Week3-Starter.vcxproj", "{F6637ACB-6224-F601-2B5F-3F7F97DE3ADE}"
EndProject
Project("{8BC9CEB8-8B4A-11D0-8D11-00A0C91BC942}") = "Week4-Starter", "samples\INFR-1350U\Week4-Starter\Week4-Starter.vcxproj", "{F7D4F63F-6395-7276-2CD0-BBF3984FB752}"
EndProject
Project("{8BC9CEB8-8B4A-11D0-8D11-00A0C91BC942}") = "Week5-Starter", "samples\INFR-1350U\Week5-Starter\Week5-Starter.vcxproj", "{F84573B4-6406-EFEA-2D41-386899C033C7}"
EndProject
Project("{8BC9CEB8-8B4A-11D0-8D11-00A0C91BC942}") = "Week7-Starter", "samples\INFR-1350U\Week7-Starter\Week7-Starter.vcxproj", "{FA276C9D-66E8-E7D3-2F23-31519BA22CB0}"
EndProject
Project("{8BC9CEB8-8B4A-11D0-8D11-00A0C91BC942}") = "Week9-Starter", "samples\INFR-1350U\Week9-Starter\Week9-Starter.vcxproj", "{FC096586-68CA-E0BC-3105-2A3A9D842599}"
EndProject
Project("{2150E333-8FDC-42A3-9474-1A3956D46DE8}") = "Samples - INFR-2350U", "Samples - INFR-2350U", "{893AB931-754A-6502-DE03-CA20CA32549B}"
EndProject
Project("{8BC9CEB8-8B4A-11D0-8D11-00A0C91BC942}") = "Week 3 Starter", "samples\INFR-2350U\Week 3 Starter\Week 3 Starter.vcxproj", "{C90EA7D6-B5DC-9ADC-9E70-0B038ADD7641}"
EndProject
Global
	GlobalSection(SolutionConfigurationPlatforms) = preSolution
		Debug|x64 = Debug|x64
		Release|x64 = Release|x64
	EndGlobalSection
	GlobalSection(ProjectConfigurationPlatforms) = postSolution
		{154B857C-0182-860D-AA6E-6C109684020F}.Debug|x64.ActiveCfg = Debug|x64
		{154B857C-0182-860D-AA6E-6C109684020F}.Debug|x64.Build.0 = Debug|x64
		{154B857C-0182-860D-AA6E-6C109684020F}.Release|x64.ActiveCfg = Release|x64
		{154B857C-0182-860D-AA6E-6C109684020F}.Release|x64.Build.0 = Release|x64
		{BDD6857C-A90D-870D-52FA-6C103E10030F}.Debug|x64.ActiveCfg = Debug|x64
		{BDD6857C-A90D-870D-52FA-6C103E10030F}.Debug|x64.Build.0 = Debug|x64
		{BDD6857C-A90D-870D-52FA-6C103E10030F}.Release|x64.ActiveCfg = Release|x64
		{BDD6857C-A90D-870D-52FA-6C103E10030F}.Release|x64.Build.0 = Release|x64
		{C0FF640D-2C14-8DBE-F595-301E616989EF}.Debug|x64.ActiveCfg = Debug|x64
		{C0FF640D-2C14-8DBE-F595-301E616989EF}.Debug|x64.Build.0 = Debug|x64
		{C0FF640D-2C14-8DBE-F595-301E616989EF}.Release|x64.ActiveCfg = Release|x64
		{C0FF640D-2C14-8DBE-F595-301E616989EF}.Release|x64.Build.0 = Release|x64
		{818D8C7C-6DC4-8D0D-16B1-731002C7090F}.Debug|x64.ActiveCfg = Debug|x64
		{818D8C7C-6DC4-8D0D-16B1-731002C7090F}.Debug|x64.Build.0 = Debug|x64
		{818D8C7C-6DC4-8D0D-16B1-731002C7090F}.Release|x64.ActiveCfg = Release|x64
		{818D8C7C-6DC4-8D0D-16B1-731002C7090F}.Release|x64.Build.0 = Release|x64
		{76563D9D-6223-98A8-8B3C-86507768CD36}.Debug|x64.ActiveCfg = Debug|x64
		{76563D9D-6223-98A8-8B3C-86507768CD36}.Debug|x64.Build.0 = Debug|x64
		{76563D9D-6223-98A8-8B3C-86507768CD36}.Release|x64.ActiveCfg = Release|x64
		{76563D9D-6223-98A8-8B3C-86507768CD36}.Release|x64.Build.0 = Release|x64
		{8EAD431C-7A4F-6EF2-630A-82464F4BF542}.Debug|x64.ActiveCfg = Debug|x64
		{8EAD431C-7A4F-6EF2-630A-82464F4BF542}.Debug|x64.Build.0 = Debug|x64
		{8EAD431C-7A4F-6EF2-630A-82464F4BF542}.Release|x64.ActiveCfg = Release|x64
		{8EAD431C-7A4F-6EF2-630A-82464F4BF542}.Release|x64.Build.0 = Release|x64
		{9A643DEF-06D1-F8E9-CFC4-90473BF01A52}.Debug|x64.ActiveCfg = Debug|x64
		{9A643DEF-06D1-F8E9-CFC4-90473BF01A52}.Debug|x64.Build.0 = Debug|x64
		{9A643DEF-06D1-F8E9-CFC4-90473BF01A52}.Release|x64.ActiveCfg = Release|x64
		{9A643DEF-06D1-F8E9-CFC4-90473BF01A52}.Release|x64.Build.0 = Release|x64
		{A386D97E-8F3E-1BCC-F845-F427E41CB6BC}.Debug|x64.ActiveCfg = Debug|x64
		{A386D97E-8F3E-1BCC-F845-F427E41CB6BC}.Debug|x64.Build.0 = Debug|x64
		{A386D97E-8F3E-1BCC-F845-F427E41CB6BC}.Release|x64.ActiveCfg = Release|x64
		{A386D97E-8F3E-1BCC-F845-F427E41CB6BC}.Release|x64.Build.0 = Release|x64
		{DC7930D1-C847-24D7-B1DB-94FD9D48003C}.Debug|x64.ActiveCfg = Debug|x64
		{DC7930D1-C847-24D7-B1DB-94FD9D48003C}.Debug|x64.Build.0 = Debug|x64
		{DC7930D1-C847-24D7-B1DB-94FD9D48003C}.Release|x64.ActiveCfg = Release|x64
		{DC7930D1-C847-24D7-B1DB-94FD9D48003C}.Release|x64.Build.0 = Release|x64
		{3709880B-A312-887C-2C8E-9E7C9896937C}.Debug|x64.ActiveCfg = Debug|x64
		{3709880B-A312-887C-2C8E-9E7C9896937C}.Debug|x64.Build.0 = Debug|x64
		{3709880B-A312-887C-2C8E-9E7C9896937C}.Release|x64.ActiveCfg = Release|x64
		{3709880B-A312-887C-2C8E-9E7C9896937C}.Release|x64.Build.0 = Release|x64
		{8D153653-7978-C5F7-22FE-FDAD0E40917A}.Debug|x64.ActiveCfg = Debug|x64
		{8D153653-7978-C5F7-22FE-FDAD0E40917A}.Debug|x64.Build.0 = Debug|x64
		{8D153653-7978-C5F7-22FE-FDAD0E40917A}.Release|x64.ActiveCfg = Release|x64
		{8D153653-7978-C5F7-22FE-FDAD0E40917A}.Release|x64.Build.0 = Release|x64
		{AB7025F0-1750-A48B-2068-2F628CC60AED}.Debug|x64.ActiveCfg = Debug|x64
		{AB7025F0-1750-A48B-2068-2F628CC60AED}.Debug|x64.Build.0 = Debug|x64
		{AB7025F0-1750-A48B-2068-2F628CC60AED}.Release|x64.ActiveCfg = Release|x64
		{AB7025F0-1750-A48B-2068-2F628CC60AED}.Release|x64.Build.0 = Release|x64
		{642E3DBD-50FC-30C3-3990-A1E925FD0C28}.Debug|x64.ActiveCfg = Debug|x64
		{642E3DBD-50FC-30C3-3990-A1E925FD0C28}.Debug|x64.Build.0 = Debug|x64
		{642E3DBD-50FC-30C3-3990-A1E925FD0C28}.Release|x64.ActiveCfg = Release|x64
		{642E3DBD-50FC-30C3-3990-A1E925FD0C28}.Release|x64.Build.0 = Release|x64
		{659FB931-516D-AD37-3A01-1E5E266E899C}.Debug|x64.ActiveCfg = Debug|x64
		{659FB931-516D-AD37-3A01-1E5E266E899C}.Debug|x64.Build.0 = Debug|x64
		{659FB931-516D-AD37-3A01-1E5E266E899C}.Release|x64.ActiveCfg = Release|x64
		{659FB931-516D-AD37-3A01-1E5E266E899C}.Release|x64.Build.0 = Release|x64
		{F6637ACB-6224-F601-2B5F-3F7F97DE3ADE}.Debug|x64.ActiveCfg = Debug|x64
		{F6637ACB-6224-F601-2B5F-3F7F97DE3ADE}.Debug|x64.Build.0 = Debug|x64
		{F6637ACB-6224-F601-2B5F-3F7F97DE3ADE}.Release|x64.ActiveCfg = Release|x64
		{F6637ACB-6224-F601-2B5F-3F7F97DE3ADE}.Release|x64.Build.0 = Release|x64
		{F7D4F63F-6395-7276-2CD0-BBF3984FB752}.Debug|x64.ActiveCfg = Debug|x64
		{F7D4F63F-6395-7276-2CD0-BBF3984FB752}.Debug|x64.Build.0 = Debug|x64
		{F7D4F63F-6395-7276-2CD0-BBF3984FB752}.Release|x64.ActiveCfg = Release|x64
		{F7D4F63F-6395-7276-2CD0-BBF3984FB752}.Release|x64.Build.0 = Release|x64
		{F84573B4-6406-EFEA-2D41-386899C033C7}.Debug|x64.ActiveCfg = Debug|x64
		{F84573B4-6406-EFEA-2D41-386899C033C7}.Debug|x64.Build.0 = Debug|x64
		{F84573B4-6406-EFEA-2D41-386899C033C7}.Release|x64.ActiveCfg = Release|x64
		{F84573B4-6406-EFEA-2D41-386899C033C7}.Release|x64.Build.0 = Release|x64
		{FA276C9D-66E8-E7D3-2F23-31519BA22CB0}.Debug|x64.ActiveCfg = Debug|x64
		{FA276C9D-66E8-E7D3-2F23-31519BA22CB0}.Debug|x64.Build.0 = Debug|x64
		{FA276C9D-66E8-E7D3-2F23-31519BA22CB0}.Release|x64.ActiveCfg = Release|x64
		{FA276C9D-66E8-E7D3-2F23-31519BA22CB0}.Release|x64.Build.0 = Release|x64
		{FC096586-68CA-E0BC-3105-2A3A9D842599}.Debug|x64.ActiveCfg = Debug|x64
		{FC096586-68CA-E0BC-3105-2A3A9D842599}.Debug|x64.Build.0 = Debug|x64
		{FC096586-68CA-E0BC-3105-2A3A9D842599}.Release|x64.ActiveCfg = Release|x64
		{FC096586-68CA-E0BC-3105-2A3A9D842599}.Release|x64.Build.0 = Release|x64
		{C90EA7D6-B5DC-9ADC-9E70-0B038ADD7641}.Debug|x64.ActiveCfg = Debug|x64
		{C90EA7D6-B5DC-9ADC-9E70-0B038ADD7641}.Debug|x64.Build.0 = Debug|x64
		{C90EA7D6-B5DC-9ADC-9E70-0B038ADD7641}.Release|x64.ActiveCfg = Release|x64
		{C90EA7D6-B5DC-9ADC-9E70-0B038ADD7641}.Release|x64.Build.0 = Release|x64
	EndGlobalSection
	GlobalSection(SolutionProperties) = preSolution
		HideSolutionNode = FALSE
	EndGlobalSection
	GlobalSection(NestedProjects) = preSolution
		{154B857C-0182-860D-AA6E-6C109684020F} = {53E47842-3FC8-3998-A828-34EB942B241A}
		{BDD6857C-A90D-870D-52FA-6C103E10030F} = {53E47842-3FC8-3998-A828-34EB942B241A}
		{C0FF640D-2C14-8DBE-F595-301E616989EF} = {53E47842-3FC8-3998-A828-34EB942B241A}
		{818D8C7C-6DC4-8D0D-16B1-731002C7090F} = {53E47842-3FC8-3998-A828-34EB942B241A}
		{76563D9D-6223-98A8-8B3C-86507768CD36} = {53E47842-3FC8-3998-A828-34EB942B241A}
		{8EAD431C-7A4F-6EF2-630A-82464F4BF542} = {53E47842-3FC8-3998-A828-34EB942B241A}
		{9A643DEF-06D1-F8E9-CFC4-90473BF01A52} = {65CB7E83-D18B-FAB9-9AC6-433706463F96}
		{A386D97E-8F3E-1BCC-F845-F427E41CB6BC} = {65CB7E83-D18B-FAB9-9AC6-433706463F96}
		{DC7930D1-C847-24D7-B1DB-94FD9D48003C} = {65CB7E83-D18B-FAB9-9AC6-433706463F96}
		{3709880B-A312-887C-2C8E-9E7C9896937C} = {65CB7E83-D18B-FAB9-9AC6-433706463F96}
		{8D153653-7978-C5F7-22FE-FDAD0E40917A} = {65CB7E83-D18B-FAB9-9AC6-433706463F96}
		{AB7025F0-1750-A48B-2068-2F628CC60AED} = {65CB7E83-D18B-FAB9-9AC6-433706463F96}
		{642E3DBD-50FC-30C3-3990-A1E925FD0C28} = {0822A731-F431-5302-5DEB-B720491A429B}
		{659FB931-516D-AD37-3A01-1E5E266E899C} = {0822A731-F431-5302-5DEB-B720491A429B}
		{F6637ACB-6224-F601-2B5F-3F7F97DE3ADE} = {0822A731-F431-5302-5DEB-B720491A429B}
		{F7D4F63F-6395-7276-2CD0-BBF3984FB752} = {0822A731-F431-5302-5DEB-B720491A429B}
		{F84573B4-6406-EFEA-2D41-386899C033C7} = {0822A731-F431-5302-5DEB-B720491A429B}
		{FA276C9D-66E8-E7D3-2F23-31519BA22CB0} = {0822A731-F431-5302-5DEB-B720491A429B}
		{FC096586-68CA-E0BC-3105-2A3A9D842599} = {0822A731-F431-5302-5DEB-B720491A429B}
		{C90EA7D6-B5DC-9ADC-9E70-0B038ADD7641} = {893AB931-754A-6502-DE03-CA20CA32549B}
	EndGlobalSection
EndGlobal
